// !$*UTF8*$!
{
	archiveVersion = 1;
	classes = {
	};
	objectVersion = 50;
	objects = {

/* Begin PBXBuildFile section */
		3AD370922419EA7D00DB5D86 /* moo.m4a in Resources */ = {isa = PBXBuildFile; fileRef = 3AD3708E2419EA7D00DB5D86 /* moo.m4a */; };
		3AD370942419EA7D00DB5D86 /* woof.m4a in Resources */ = {isa = PBXBuildFile; fileRef = 3AD370902419EA7D00DB5D86 /* woof.m4a */; };
		3AD370952419EA7D00DB5D86 /* meow.m4a in Resources */ = {isa = PBXBuildFile; fileRef = 3AD370912419EA7D00DB5D86 /* meow.m4a */; };
		3ADCB0EB23B604BA003FEA56 /* AppDelegate.swift in Sources */ = {isa = PBXBuildFile; fileRef = 3ADCB0EA23B604BA003FEA56 /* AppDelegate.swift */; };
		3ADCB0ED23B604BA003FEA56 /* SceneDelegate.swift in Sources */ = {isa = PBXBuildFile; fileRef = 3ADCB0EC23B604BA003FEA56 /* SceneDelegate.swift */; };
		3ADCB0EF23B604BA003FEA56 /* ViewController.swift in Sources */ = {isa = PBXBuildFile; fileRef = 3ADCB0EE23B604BA003FEA56 /* ViewController.swift */; };
		3ADCB0F223B604BA003FEA56 /* Main.storyboard in Resources */ = {isa = PBXBuildFile; fileRef = 3ADCB0F023B604BA003FEA56 /* Main.storyboard */; };
		3ADCB0F423B604BC003FEA56 /* Assets.xcassets in Resources */ = {isa = PBXBuildFile; fileRef = 3ADCB0F323B604BC003FEA56 /* Assets.xcassets */; };
		3ADCB0F723B604BC003FEA56 /* LaunchScreen.storyboard in Resources */ = {isa = PBXBuildFile; fileRef = 3ADCB0F523B604BC003FEA56 /* LaunchScreen.storyboard */; };
		3ADCB10523B61303003FEA56 /* SimpleSound.swift in Sources */ = {isa = PBXBuildFile; fileRef = 3ADCB10123B61303003FEA56 /* SimpleSound.swift */; };
/* End PBXBuildFile section */

/* Begin PBXFileReference section */
		3AD3708E2419EA7D00DB5D86 /* moo.m4a */ = {isa = PBXFileReference; lastKnownFileType = file; path = moo.m4a; sourceTree = "<group>"; };
		3AD370902419EA7D00DB5D86 /* woof.m4a */ = {isa = PBXFileReference; lastKnownFileType = file; path = woof.m4a; sourceTree = "<group>"; };
		3AD370912419EA7D00DB5D86 /* meow.m4a */ = {isa = PBXFileReference; lastKnownFileType = file; path = meow.m4a; sourceTree = "<group>"; };
		3ADCB0E723B604BA003FEA56 /* AnimalSounds.app */ = {isa = PBXFileReference; explicitFileType = wrapper.application; includeInIndex = 0; path = AnimalSounds.app; sourceTree = BUILT_PRODUCTS_DIR; };
		3ADCB0EA23B604BA003FEA56 /* AppDelegate.swift */ = {isa = PBXFileReference; lastKnownFileType = sourcecode.swift; path = AppDelegate.swift; sourceTree = "<group>"; };
		3ADCB0EC23B604BA003FEA56 /* SceneDelegate.swift */ = {isa = PBXFileReference; lastKnownFileType = sourcecode.swift; path = SceneDelegate.swift; sourceTree = "<group>"; };
		3ADCB0EE23B604BA003FEA56 /* ViewController.swift */ = {isa = PBXFileReference; lastKnownFileType = sourcecode.swift; path = ViewController.swift; sourceTree = "<group>"; };
		3ADCB0F123B604BA003FEA56 /* Base */ = {isa = PBXFileReference; lastKnownFileType = file.storyboard; name = Base; path = Base.lproj/Main.storyboard; sourceTree = "<group>"; };
		3ADCB0F323B604BC003FEA56 /* Assets.xcassets */ = {isa = PBXFileReference; lastKnownFileType = folder.assetcatalog; path = Assets.xcassets; sourceTree = "<group>"; };
		3ADCB0F623B604BC003FEA56 /* Base */ = {isa = PBXFileReference; lastKnownFileType = file.storyboard; name = Base; path = Base.lproj/LaunchScreen.storyboard; sourceTree = "<group>"; };
		3ADCB0F823B604BC003FEA56 /* Info.plist */ = {isa = PBXFileReference; lastKnownFileType = text.plist.xml; path = Info.plist; sourceTree = "<group>"; };
		3ADCB10123B61303003FEA56 /* SimpleSound.swift */ = {isa = PBXFileReference; fileEncoding = 4; lastKnownFileType = sourcecode.swift; path = SimpleSound.swift; sourceTree = "<group>"; };
/* End PBXFileReference section */

/* Begin PBXFrameworksBuildPhase section */
		3ADCB0E423B604BA003FEA56 /* Frameworks */ = {
			isa = PBXFrameworksBuildPhase;
			buildActionMask = 2147483647;
			files = (
			);
			runOnlyForDeploymentPostprocessing = 0;
		};
/* End PBXFrameworksBuildPhase section */

/* Begin PBXGroup section */
		3ADCB0DE23B604BA003FEA56 = {
			isa = PBXGroup;
			children = (
				3ADCB0E923B604BA003FEA56 /* AnimalSounds */,
				3ADCB0E823B604BA003FEA56 /* Products */,
			);
			sourceTree = "<group>";
		};
		3ADCB0E823B604BA003FEA56 /* Products */ = {
			isa = PBXGroup;
			children = (
				3ADCB0E723B604BA003FEA56 /* AnimalSounds.app */,
			);
			name = Products;
			sourceTree = "<group>";
		};
		3ADCB0E923B604BA003FEA56 /* AnimalSounds */ = {
			isa = PBXGroup;
			children = (
				3ADCB10123B61303003FEA56 /* SimpleSound.swift */,
				3AD370912419EA7D00DB5D86 /* meow.m4a */,
				3AD3708E2419EA7D00DB5D86 /* moo.m4a */,
				3AD370902419EA7D00DB5D86 /* woof.m4a */,
				3ADCB0EA23B604BA003FEA56 /* AppDelegate.swift */,
				3ADCB0EC23B604BA003FEA56 /* SceneDelegate.swift */,
				3ADCB0EE23B604BA003FEA56 /* ViewController.swift */,
				3ADCB0F023B604BA003FEA56 /* Main.storyboard */,
				3ADCB0F323B604BC003FEA56 /* Assets.xcassets */,
				3ADCB0F523B604BC003FEA56 /* LaunchScreen.storyboard */,
				3ADCB0F823B604BC003FEA56 /* Info.plist */,
			);
			path = AnimalSounds;
			sourceTree = "<group>";
		};
/* End PBXGroup section */

/* Begin PBXNativeTarget section */
		3ADCB0E623B604BA003FEA56 /* AnimalSounds */ = {
			isa = PBXNativeTarget;
			buildConfigurationList = 3ADCB0FB23B604BC003FEA56 /* Build configuration list for PBXNativeTarget "AnimalSounds" */;
			buildPhases = (
				3ADCB0E323B604BA003FEA56 /* Sources */,
				3ADCB0E423B604BA003FEA56 /* Frameworks */,
				3ADCB0E523B604BA003FEA56 /* Resources */,
			);
			buildRules = (
			);
			dependencies = (
			);
			name = AnimalSounds;
			productName = AnimalSounds;
			productReference = 3ADCB0E723B604BA003FEA56 /* AnimalSounds.app */;
			productType = "com.apple.product-type.application";
		};
/* End PBXNativeTarget section */

/* Begin PBXProject section */
		3ADCB0DF23B604BA003FEA56 /* Project object */ = {
			isa = PBXProject;
			attributes = {
				LastSwiftUpdateCheck = 1120;
				LastUpgradeCheck = 1120;
				ORGANIZATIONNAME = "Anton Agafonov";
				TargetAttributes = {
					3ADCB0E623B604BA003FEA56 = {
						CreatedOnToolsVersion = 11.2.1;
					};
				};
			};
			buildConfigurationList = 3ADCB0E223B604BA003FEA56 /* Build configuration list for PBXProject "AnimalSounds" */;
			compatibilityVersion = "Xcode 9.3";
			developmentRegion = en;
			hasScannedForEncodings = 0;
			knownRegions = (
				en,
				Base,
			);
			mainGroup = 3ADCB0DE23B604BA003FEA56;
			productRefGroup = 3ADCB0E823B604BA003FEA56 /* Products */;
			projectDirPath = "";
			projectRoot = "";
			targets = (
				3ADCB0E623B604BA003FEA56 /* AnimalSounds */,
			);
		};
/* End PBXProject section */

/* Begin PBXResourcesBuildPhase section */
		3ADCB0E523B604BA003FEA56 /* Resources */ = {
			isa = PBXResourcesBuildPhase;
			buildActionMask = 2147483647;
			files = (
				3ADCB0F723B604BC003FEA56 /* LaunchScreen.storyboard in Resources */,
				3ADCB0F423B604BC003FEA56 /* Assets.xcassets in Resources */,
				3AD370922419EA7D00DB5D86 /* moo.m4a in Resources */,
				3AD370942419EA7D00DB5D86 /* woof.m4a in Resources */,
				3AD370952419EA7D00DB5D86 /* meow.m4a in Resources */,
				3ADCB0F223B604BA003FEA56 /* Main.storyboard in Resources */,
			);
			runOnlyForDeploymentPostprocessing = 0;
		};
/* End PBXResourcesBuildPhase section */

/* Begin PBXSourcesBuildPhase section */
		3ADCB0E323B604BA003FEA56 /* Sources */ = {
			isa = PBXSourcesBuildPhase;
			buildActionMask = 2147483647;
			files = (
				3ADCB0EF23B604BA003FEA56 /* ViewController.swift in Sources */,
				3ADCB0EB23B604BA003FEA56 /* AppDelegate.swift in Sources */,
				3ADCB0ED23B604BA003FEA56 /* SceneDelegate.swift in Sources */,
				3ADCB10523B61303003FEA56 /* SimpleSound.swift in Sources */,
			);
			runOnlyForDeploymentPostprocessing = 0;
		};
/* End PBXSourcesBuildPhase section */

/* Begin PBXVariantGroup section */
		3ADCB0F023B604BA003FEA56 /* Main.storyboard */ = {
			isa = PBXVariantGroup;
			children = (
				3ADCB0F123B604BA003FEA56 /* Base */,
			);
			name = Main.storyboard;
			sourceTree = "<group>";
		};
		3ADCB0F523B604BC003FEA56 /* LaunchScreen.storyboard */ = {
			isa = PBXVariantGroup;
			children = (
				3ADCB0F623B604BC003FEA56 /* Base */,
			);
			name = LaunchScreen.storyboard;
			sourceTree = "<group>";
		};
/* End PBXVariantGroup section */

/* Begin XCBuildConfiguration section */
		3ADCB0F923B604BC003FEA56 /* Debug */ = {
			isa = XCBuildConfiguration;
			buildSettings = {
				ALWAYS_SEARCH_USER_PATHS = NO;
				CLANG_ANALYZER_NONNULL = YES;
				CLANG_ANALYZER_NUMBER_OBJECT_CONVERSION = YES_AGGRESSIVE;
				CLANG_CXX_LANGUAGE_STANDARD = "gnu++14";
				CLANG_CXX_LIBRARY = "libc++";
				CLANG_ENABLE_MODULES = YES;
				CLANG_ENABLE_OBJC_ARC = YES;
				CLANG_ENABLE_OBJC_WEAK = YES;
				CLANG_WARN_BLOCK_CAPTURE_AUTORELEASING = YES;
				CLANG_WARN_BOOL_CONVERSION = YES;
				CLANG_WARN_COMMA = YES;
				CLANG_WARN_CONSTANT_CONVERSION = YES;
				CLANG_WARN_DEPRECATED_OBJC_IMPLEMENTATIONS = YES;
				CLANG_WARN_DIRECT_OBJC_ISA_USAGE = YES_ERROR;
				CLANG_WARN_DOCUMENTATION_COMMENTS = YES;
				CLANG_WARN_EMPTY_BODY = YES;
				CLANG_WARN_ENUM_CONVERSION = YES;
				CLANG_WARN_INFINITE_RECURSION = YES;
				CLANG_WARN_INT_CONVERSION = YES;
				CLANG_WARN_NON_LITERAL_NULL_CONVERSION = YES;
				CLANG_WARN_OBJC_IMPLICIT_RETAIN_SELF = YES;
				CLANG_WARN_OBJC_LITERAL_CONVERSION = YES;
				CLANG_WARN_OBJC_ROOT_CLASS = YES_ERROR;
				CLANG_WARN_RANGE_LOOP_ANALYSIS = YES;
				CLANG_WARN_STRICT_PROTOTYPES = YES;
				CLANG_WARN_SUSPICIOUS_MOVE = YES;
				CLANG_WARN_UNGUARDED_AVAILABILITY = YES_AGGRESSIVE;
				CLANG_WARN_UNREACHABLE_CODE = YES;
				CLANG_WARN__DUPLICATE_METHOD_MATCH = YES;
				COPY_PHASE_STRIP = NO;
				DEBUG_INFORMATION_FORMAT = dwarf;
				ENABLE_STRICT_OBJC_MSGSEND = YES;
				ENABLE_TESTABILITY = YES;
				GCC_C_LANGUAGE_STANDARD = gnu11;
				GCC_DYNAMIC_NO_PIC = NO;
				GCC_NO_COMMON_BLOCKS = YES;
				GCC_OPTIMIZATION_LEVEL = 0;
				GCC_PREPROCESSOR_DEFINITIONS = (
					"DEBUG=1",
					"$(inherited)",
				);
				GCC_WARN_64_TO_32_BIT_CONVERSION = YES;
				GCC_WARN_ABOUT_RETURN_TYPE = YES_ERROR;
				GCC_WARN_UNDECLARED_SELECTOR = YES;
				GCC_WARN_UNINITIALIZED_AUTOS = YES_AGGRESSIVE;
				GCC_WARN_UNUSED_FUNCTION = YES;
				GCC_WARN_UNUSED_VARIABLE = YES;
				IPHONEOS_DEPLOYMENT_TARGET = 13.2;
				MTL_ENABLE_DEBUG_INFO = INCLUDE_SOURCE;
				MTL_FAST_MATH = YES;
				ONLY_ACTIVE_ARCH = YES;
				SDKROOT = iphoneos;
				SWIFT_ACTIVE_COMPILATION_CONDITIONS = DEBUG;
				SWIFT_OPTIMIZATION_LEVEL = "-Onone";
			};
			name = Debug;
		};
		3ADCB0FA23B604BC003FEA56 /* Release */ = {
			isa = XCBuildConfiguration;
			buildSettings = {
				ALWAYS_SEARCH_USER_PATHS = NO;
				CLANG_ANALYZER_NONNULL = YES;
				CLANG_ANALYZER_NUMBER_OBJECT_CONVERSION = YES_AGGRESSIVE;
				CLANG_CXX_LANGUAGE_STANDARD = "gnu++14";
				CLANG_CXX_LIBRARY = "libc++";
				CLANG_ENABLE_MODULES = YES;
				CLANG_ENABLE_OBJC_ARC = YES;
				CLANG_ENABLE_OBJC_WEAK = YES;
				CLANG_WARN_BLOCK_CAPTURE_AUTORELEASING = YES;
				CLANG_WARN_BOOL_CONVERSION = YES;
				CLANG_WARN_COMMA = YES;
				CLANG_WARN_CONSTANT_CONVERSION = YES;
				CLANG_WARN_DEPRECATED_OBJC_IMPLEMENTATIONS = YES;
				CLANG_WARN_DIRECT_OBJC_ISA_USAGE = YES_ERROR;
				CLANG_WARN_DOCUMENTATION_COMMENTS = YES;
				CLANG_WARN_EMPTY_BODY = YES;
				CLANG_WARN_ENUM_CONVERSION = YES;
				CLANG_WARN_INFINITE_RECURSION = YES;
				CLANG_WARN_INT_CONVERSION = YES;
				CLANG_WARN_NON_LITERAL_NULL_CONVERSION = YES;
				CLANG_WARN_OBJC_IMPLICIT_RETAIN_SELF = YES;
				CLANG_WARN_OBJC_LITERAL_CONVERSION = YES;
				CLANG_WARN_OBJC_ROOT_CLASS = YES_ERROR;
				CLANG_WARN_RANGE_LOOP_ANALYSIS = YES;
				CLANG_WARN_STRICT_PROTOTYPES = YES;
				CLANG_WARN_SUSPICIOUS_MOVE = YES;
				CLANG_WARN_UNGUARDED_AVAILABILITY = YES_AGGRESSIVE;
				CLANG_WARN_UNREACHABLE_CODE = YES;
				CLANG_WARN__DUPLICATE_METHOD_MATCH = YES;
				COPY_PHASE_STRIP = NO;
				DEBUG_INFORMATION_FORMAT = "dwarf-with-dsym";
				ENABLE_NS_ASSERTIONS = NO;
				ENABLE_STRICT_OBJC_MSGSEND = YES;
				GCC_C_LANGUAGE_STANDARD = gnu11;
				GCC_NO_COMMON_BLOCKS = YES;
				GCC_WARN_64_TO_32_BIT_CONVERSION = YES;
				GCC_WARN_ABOUT_RETURN_TYPE = YES_ERROR;
				GCC_WARN_UNDECLARED_SELECTOR = YES;
				GCC_WARN_UNINITIALIZED_AUTOS = YES_AGGRESSIVE;
				GCC_WARN_UNUSED_FUNCTION = YES;
				GCC_WARN_UNUSED_VARIABLE = YES;
				IPHONEOS_DEPLOYMENT_TARGET = 13.2;
				MTL_ENABLE_DEBUG_INFO = NO;
				MTL_FAST_MATH = YES;
				SDKROOT = iphoneos;
				SWIFT_COMPILATION_MODE = wholemodule;
				SWIFT_OPTIMIZATION_LEVEL = "-O";
				VALIDATE_PRODUCT = YES;
			};
			name = Release;
		};
		3ADCB0FC23B604BC003FEA56 /* Debug */ = {
			isa = XCBuildConfiguration;
			buildSettings = {
				ASSETCATALOG_COMPILER_APPICON_NAME = AppIcon;
				CODE_SIGN_STYLE = Automatic;
				DEVELOPMENT_TEAM = "";
				INFOPLIST_FILE = AnimalSounds/Info.plist;
				LD_RUNPATH_SEARCH_PATHS = (
					"$(inherited)",
					"@executable_path/Frameworks",
				);
				PRODUCT_BUNDLE_IDENTIFIER = AA.AnimalSounds;
				PRODUCT_NAME = "$(TARGET_NAME)";
				SWIFT_VERSION = 5.0;
				TARGETED_DEVICE_FAMILY = "1,2";
			};
			name = Debug;
		};
		3ADCB0FD23B604BC003FEA56 /* Release */ = {
			isa = XCBuildConfiguration;
			buildSettings = {
				ASSETCATALOG_COMPILER_APPICON_NAME = AppIcon;
				CODE_SIGN_STYLE = Automatic;
				DEVELOPMENT_TEAM = "";
				INFOPLIST_FILE = AnimalSounds/Info.plist;
				LD_RUNPATH_SEARCH_PATHS = (
					"$(inherited)",
					"@executable_path/Frameworks",
				);
				PRODUCT_BUNDLE_IDENTIFIER = AA.AnimalSounds;
				PRODUCT_NAME = "$(TARGET_NAME)";
				SWIFT_VERSION = 5.0;
				TARGETED_DEVICE_FAMILY = "1,2";
			};
			name = Release;
		};
/* End XCBuildConfiguration section */

/* Begin XCConfigurationList section */
		3ADCB0E223B604BA003FEA56 /* Build configuration list for PBXProject "AnimalSounds" */ = {
			isa = XCConfigurationList;
			buildConfigurations = (
				3ADCB0F923B604BC003FEA56 /* Debug */,
				3ADCB0FA23B604BC003FEA56 /* Release */,
			);
			defaultConfigurationIsVisible = 0;
			defaultConfigurationName = Release;
		};
		3ADCB0FB23B604BC003FEA56 /* Build configuration list for PBXNativeTarget "AnimalSounds" */ = {
			isa = XCConfigurationList;
			buildConfigurations = (
				3ADCB0FC23B604BC003FEA56 /* Debug */,
				3ADCB0FD23B604BC003FEA56 /* Release */,
			);
			defaultConfigurationIsVisible = 0;
			defaultConfigurationName = Release;
		};
/* End XCConfigurationList section */
	};
	rootObject = 3ADCB0DF23B604BA003FEA56 /* Project object */;
}
